
Microsoft Visual Studio Solution File, Format Version 12.00
# Visual Studio Version 17
VisualStudioVersion = 17.5.33530.505
MinimumVisualStudioVersion = 10.0.40219.1
Project("{9A19103F-16F7-4668-BE54-9A1E7A4F7556}") = "Library_API", "Library_API.csproj", "{2D2FA0D5-435C-4FE7-88F2-24392703DB80}"
EndProject
Project("{FAE04EC0-301F-11D3-BF4B-00C04F79EFBC}") = "DataAccessLayer", "..\DataAccessLayer\DataAccessLayer.csproj", "{2C495A04-E76B-4142-A7E6-6B9F9AC0CCA7}"
EndProject
Project("{FAE04EC0-301F-11D3-BF4B-00C04F79EFBC}") = "BusinessLogicLayer", "..\BusinessLogicLayer\BusinessLogicLayer.csproj", "{7213D98C-FA35-40D8-B634-DB4FB08388A9}"
EndProject
Global
	GlobalSection(SolutionConfigurationPlatforms) = preSolution
		Debug|Any CPU = Debug|Any CPU
		Release|Any CPU = Release|Any CPU
	EndGlobalSection
	GlobalSection(ProjectConfigurationPlatforms) = postSolution
		{2D2FA0D5-435C-4FE7-88F2-24392703DB80}.Debug|Any CPU.ActiveCfg = Debug|Any CPU
		{2D2FA0D5-435C-4FE7-88F2-24392703DB80}.Debug|Any CPU.Build.0 = Debug|Any CPU
		{2D2FA0D5-435C-4FE7-88F2-24392703DB80}.Release|Any CPU.ActiveCfg = Release|Any CPU
		{2D2FA0D5-435C-4FE7-88F2-24392703DB80}.Release|Any CPU.Build.0 = Release|Any CPU
		{2C495A04-E76B-4142-A7E6-6B9F9AC0CCA7}.Debug|Any CPU.ActiveCfg = Debug|Any CPU
		{2C495A04-E76B-4142-A7E6-6B9F9AC0CCA7}.Debug|Any CPU.Build.0 = Debug|Any CPU
		{2C495A04-E76B-4142-A7E6-6B9F9AC0CCA7}.Release|Any CPU.ActiveCfg = Release|Any CPU
		{2C495A04-E76B-4142-A7E6-6B9F9AC0CCA7}.Release|Any CPU.Build.0 = Release|Any CPU
		{7213D98C-FA35-40D8-B634-DB4FB08388A9}.Debug|Any CPU.ActiveCfg = Debug|Any CPU
		{7213D98C-FA35-40D8-B634-DB4FB08388A9}.Debug|Any CPU.Build.0 = Debug|Any CPU
		{7213D98C-FA35-40D8-B634-DB4FB08388A9}.Release|Any CPU.ActiveCfg = Release|Any CPU
		{7213D98C-FA35-40D8-B634-DB4FB08388A9}.Release|Any CPU.Build.0 = Release|Any CPU
	EndGlobalSection
	GlobalSection(SolutionProperties) = preSolution
		HideSolutionNode = FALSE
	EndGlobalSection
	GlobalSection(ExtensibilityGlobals) = postSolution
		SolutionGuid = {1DD26A5D-6155-454F-8DCA-00918F419CD6}
	EndGlobalSection
EndGlobal
